
Microsoft Visual Studio Solution File, Format Version 12.00
# Visual Studio Version 17
VisualStudioVersion = 17.2.32602.215
MinimumVisualStudioVersion = 10.0.40219.1
Project("{FAE04EC0-301F-11D3-BF4B-00C04F79EFBC}") = "Polimorfismo", "Polimorfismo.csproj", "{22C9DA5C-74AB-4CC5-A88C-1DC50143F713}"
EndProject
Global
	GlobalSection(SolutionConfigurationPlatforms) = preSolution
		Debug|Any CPU = Debug|Any CPU
		Release|Any CPU = Release|Any CPU
	EndGlobalSection
	GlobalSection(ProjectConfigurationPlatforms) = postSolution
		{22C9DA5C-74AB-4CC5-A88C-1DC50143F713}.Debug|Any CPU.ActiveCfg = Debug|Any CPU
		{22C9DA5C-74AB-4CC5-A88C-1DC50143F713}.Debug|Any CPU.Build.0 = Debug|Any CPU
		{22C9DA5C-74AB-4CC5-A88C-1DC50143F713}.Release|Any CPU.ActiveCfg = Release|Any CPU
		{22C9DA5C-74AB-4CC5-A88C-1DC50143F713}.Release|Any CPU.Build.0 = Release|Any CPU
	EndGlobalSection
	GlobalSection(SolutionProperties) = preSolution
		HideSolutionNode = FALSE
	EndGlobalSection
	GlobalSection(ExtensibilityGlobals) = postSolution
		SolutionGuid = {B173C014-C85E-40DB-B56D-4B5C77F419FF}
	EndGlobalSection
EndGlobal
